PODS:
  - Flutter (1.0.0)
  - image_gallery_saver_plus (0.0.1):
    - Flutter
  - image_picker_ios (0.0.1):
    - Flutter
  - permission_handler_apple (9.3.0):
    - Flutter
  - qrscan_plus (0.0.1):
    - Flutter

DEPENDENCIES:
  - Flutter (from `Flutter`)
  - image_gallery_saver_plus (from `.symlinks/plugins/image_gallery_saver_plus/ios`)
  - image_picker_ios (from `.symlinks/plugins/image_picker_ios/ios`)
  - permission_handler_apple (from `.symlinks/plugins/permission_handler_apple/ios`)
  - qrscan_plus (from `.symlinks/plugins/qrscan_plus/ios`)

EXTERNAL SOURCES:
  Flutter:
    :path: Flutter
  image_gallery_saver_plus:
    :path: ".symlinks/plugins/image_gallery_saver_plus/ios"
  image_picker_ios:
    :path: ".symlinks/plugins/image_picker_ios/ios"
  permission_handler_apple:
    :path: ".symlinks/plugins/permission_handler_apple/ios"
  qrscan_plus:
    :path: ".symlinks/plugins/qrscan_plus/ios"

SPEC CHECKSUMS:
  Flutter: e0871f40cf51350855a761d2e70bf5af5b9b5de7
  image_gallery_saver_plus: 782ade975fe6a4600b53e7c1983e3a2979d1e9e5
  image_picker_ios: c560581cceedb403a6ff17f2f816d7fea1421fc1
  permission_handler_apple: 9878588469a2b0d0fc1e048d9f43605f92e6cec2
  qrscan_plus: 53a5cb80db6a805165d24065a2cba86ec1c02a81

PODFILE CHECKSUM: 49875b5a5d0d2d7f7cf38a527f1ba7b98210e02f

COCOAPODS: 1.16.2
